{
  "version": 4,
  "terraform_version": "0.12.2",
  "serial": 5,
  "lineage": "77b1a101-7a33-67eb-ac47-13c093f369ef",
  "outputs": {},
  "resources": [
    {
      "mode": "managed",
      "type": "azurerm_resource_group",
      "name": "rg",
      "provider": "provider.azurerm",
      "instances": [
        {
          "schema_version": 0,
          "attributes": {
            "id": "/subscriptions/090ccd18-57c9-4735-84fc-64f9fb9390af/resourceGroups/testRg",
            "location": "uksouth",
            "name": "testRg",
            "tags": {
              "ApplicationName": "tst",
              "Environment": "tst"
            },
            "timeouts": null
          },
          "private": "eyJlMmJmYjczMC1lY2FhLTExZTYtOGY4OC0zNDM2M2JjN2M0YzAiOnsiY3JlYXRlIjo1NDAwMDAwMDAwMDAwLCJkZWxldGUiOjU0MDAwMDAwMDAwMDAsInJlYWQiOjMwMDAwMDAwMDAwMCwidXBkYXRlIjo1NDAwMDAwMDAwMDAwfX0="
        }
      ]
    }
  ]
}
